// !$*UTF8*$!
{
	archiveVersion = 1;
	classes = {
	};
	objectVersion = 47;
	objects = {

/* Begin PBXFileReference section */
		2F51C9FF1B7EC70B00DC562E /* edi_parsing_interface.c */ = {isa = PBXFileReference; fileEncoding = 4; lastKnownFileType = sourcecode.c.c; name = edi_parsing_interface.c; path = ../edi_parsing_interface.c; sourceTree = "<group>"; };
		2F51CA011B7EC70B00DC562E /* edi_parsing_parser.c */ = {isa = PBXFileReference; fileEncoding = 4; lastKnownFileType = sourcecode.c.c; name = edi_parsing_parser.c; path = ../edi_parsing_parser.c; sourceTree = "<group>"; };
		2F51CA041B80160800DC562E /* edi_parsing_835.c */ = {isa = PBXFileReference; fileEncoding = 4; lastKnownFileType = sourcecode.c.c; name = edi_parsing_835.c; path = ../edi_parsing_835.c; sourceTree = "<group>"; };
		2F51CA051B80160800DC562E /* edi_parsing_traversal.c */ = {isa = PBXFileReference; fileEncoding = 4; lastKnownFileType = sourcecode.c.c; name = edi_parsing_traversal.c; path = ../edi_parsing_traversal.c; sourceTree = "<group>"; };
		2FDA8B841B7AD4E600C4E250 /* edi_parsing_constants.h */ = {isa = PBXFileReference; fileEncoding = 4; lastKnownFileType = sourcecode.c.h; name = edi_parsing_constants.h; path = ../edi_parsing_constants.h; sourceTree = "<group>"; };
		2FDA8B851B7AD4E600C4E250 /* edi_parsing_inspection.c */ = {isa = PBXFileReference; fileEncoding = 4; lastKnownFileType = sourcecode.c.c; name = edi_parsing_inspection.c; path = ../edi_parsing_inspection.c; sourceTree = "<group>"; };
		2FDA8B871B7AD4E600C4E250 /* edi_parsing_segment.c */ = {isa = PBXFileReference; fileEncoding = 4; lastKnownFileType = sourcecode.c.c; name = edi_parsing_segment.c; path = ../edi_parsing_segment.c; sourceTree = "<group>"; };
		2FDA8B891B7AD4E600C4E250 /* edi_parsing.h */ = {isa = PBXFileReference; fileEncoding = 4; lastKnownFileType = sourcecode.c.h; name = edi_parsing.h; path = ../edi_parsing.h; sourceTree = "<group>"; };
		5218BBCF1B853A8400F0B73D /* edi_parsing_errors.c */ = {isa = PBXFileReference; fileEncoding = 4; lastKnownFileType = sourcecode.c.c; name = edi_parsing_errors.c; path = ../edi_parsing_errors.c; sourceTree = "<group>"; };
/* End PBXFileReference section */

/* Begin PBXGroup section */
		2FF306FB1B75974300CCF7C5 = {
			isa = PBXGroup;
			children = (
				5218BBCF1B853A8400F0B73D /* edi_parsing_errors.c */,
				2F51CA041B80160800DC562E /* edi_parsing_835.c */,
				2F51CA051B80160800DC562E /* edi_parsing_traversal.c */,
				2F51C9FF1B7EC70B00DC562E /* edi_parsing_interface.c */,
				2F51CA011B7EC70B00DC562E /* edi_parsing_parser.c */,
				2FDA8B841B7AD4E600C4E250 /* edi_parsing_constants.h */,
				2FDA8B851B7AD4E600C4E250 /* edi_parsing_inspection.c */,
				2FDA8B871B7AD4E600C4E250 /* edi_parsing_segment.c */,
				2FDA8B891B7AD4E600C4E250 /* edi_parsing.h */,
			);
			sourceTree = "<group>";
		};
/* End PBXGroup section */

/* Begin PBXLegacyTarget section */
		2FF307001B75974300CCF7C5 /* edi_parsing */ = {
			isa = PBXLegacyTarget;
			buildArgumentsString = "$(ACTION)";
			buildConfigurationList = 2FF307031B75974300CCF7C5 /* Build configuration list for PBXLegacyTarget "edi_parsing" */;
			buildPhases = (
			);
			buildToolPath = /usr/bin/make;
			buildWorkingDirectory = /Users/gradygriffin/dev/choo_choo/ext/edi_parsing;
			dependencies = (
			);
			name = edi_parsing;
			passBuildSettingsInEnvironment = 1;
			productName = edi_parsing;
		};
/* End PBXLegacyTarget section */

/* Begin PBXProject section */
		2FF306FC1B75974300CCF7C5 /* Project object */ = {
			isa = PBXProject;
			attributes = {
				LastUpgradeCheck = 0630;
				ORGANIZATIONNAME = "Grady Griffin";
				TargetAttributes = {
					2FF307001B75974300CCF7C5 = {
						CreatedOnToolsVersion = 6.3.2;
					};
				};
			};
			buildConfigurationList = 2FF306FF1B75974300CCF7C5 /* Build configuration list for PBXProject "edi_parsing" */;
			compatibilityVersion = "Xcode 6.3";
			developmentRegion = English;
			hasScannedForEncodings = 0;
			knownRegions = (
				en,
			);
			mainGroup = 2FF306FB1B75974300CCF7C5;
			projectDirPath = "";
			projectRoot = "";
			targets = (
				2FF307001B75974300CCF7C5 /* edi_parsing */,
			);
		};
/* End PBXProject section */

/* Begin XCBuildConfiguration section */
		2FF307011B75974300CCF7C5 /* Debug */ = {
			isa = XCBuildConfiguration;
			buildSettings = {
				ALWAYS_SEARCH_USER_PATHS = NO;
				CLANG_CXX_LANGUAGE_STANDARD = "gnu++0x";
				CLANG_CXX_LIBRARY = "libc++";
				CLANG_ENABLE_MODULES = YES;
				CLANG_ENABLE_OBJC_ARC = YES;
				CLANG_WARN_BOOL_CONVERSION = YES;
				CLANG_WARN_CONSTANT_CONVERSION = YES;
				CLANG_WARN_DIRECT_OBJC_ISA_USAGE = YES_ERROR;
				CLANG_WARN_EMPTY_BODY = YES;
				CLANG_WARN_ENUM_CONVERSION = YES;
				CLANG_WARN_INT_CONVERSION = YES;
				CLANG_WARN_OBJC_ROOT_CLASS = YES_ERROR;
				CLANG_WARN_UNREACHABLE_CODE = YES;
				CLANG_WARN__DUPLICATE_METHOD_MATCH = YES;
				COPY_PHASE_STRIP = NO;
				DEBUG_INFORMATION_FORMAT = dwarf;
				ENABLE_STRICT_OBJC_MSGSEND = YES;
				GCC_C_LANGUAGE_STANDARD = gnu99;
				GCC_DYNAMIC_NO_PIC = NO;
				GCC_NO_COMMON_BLOCKS = YES;
				GCC_OPTIMIZATION_LEVEL = 0;
				GCC_PREPROCESSOR_DEFINITIONS = (
					"DEBUG=1",
					"$(inherited)",
				);
				GCC_SYMBOLS_PRIVATE_EXTERN = NO;
				GCC_WARN_64_TO_32_BIT_CONVERSION = YES;
				GCC_WARN_ABOUT_RETURN_TYPE = YES_ERROR;
				GCC_WARN_UNDECLARED_SELECTOR = YES;
				GCC_WARN_UNINITIALIZED_AUTOS = YES_AGGRESSIVE;
				GCC_WARN_UNUSED_FUNCTION = YES;
				GCC_WARN_UNUSED_VARIABLE = YES;
				MACOSX_DEPLOYMENT_TARGET = 10.10;
				MTL_ENABLE_DEBUG_INFO = YES;
				ONLY_ACTIVE_ARCH = YES;
				SDKROOT = macosx;
			};
			name = Debug;
		};
		2FF307021B75974300CCF7C5 /* Release */ = {
			isa = XCBuildConfiguration;
			buildSettings = {
				ALWAYS_SEARCH_USER_PATHS = NO;
				CLANG_CXX_LANGUAGE_STANDARD = "gnu++0x";
				CLANG_CXX_LIBRARY = "libc++";
				CLANG_ENABLE_MODULES = YES;
				CLANG_ENABLE_OBJC_ARC = YES;
				CLANG_WARN_BOOL_CONVERSION = YES;
				CLANG_WARN_CONSTANT_CONVERSION = YES;
				CLANG_WARN_DIRECT_OBJC_ISA_USAGE = YES_ERROR;
				CLANG_WARN_EMPTY_BODY = YES;
				CLANG_WARN_ENUM_CONVERSION = YES;
				CLANG_WARN_INT_CONVERSION = YES;
				CLANG_WARN_OBJC_ROOT_CLASS = YES_ERROR;
				CLANG_WARN_UNREACHABLE_CODE = YES;
				CLANG_WARN__DUPLICATE_METHOD_MATCH = YES;
				COPY_PHASE_STRIP = NO;
				DEBUG_INFORMATION_FORMAT = "dwarf-with-dsym";
				ENABLE_NS_ASSERTIONS = NO;
				ENABLE_STRICT_OBJC_MSGSEND = YES;
				GCC_C_LANGUAGE_STANDARD = gnu99;
				GCC_NO_COMMON_BLOCKS = YES;
				GCC_WARN_64_TO_32_BIT_CONVERSION = YES;
				GCC_WARN_ABOUT_RETURN_TYPE = YES_ERROR;
				GCC_WARN_UNDECLARED_SELECTOR = YES;
				GCC_WARN_UNINITIALIZED_AUTOS = YES_AGGRESSIVE;
				GCC_WARN_UNUSED_FUNCTION = YES;
				GCC_WARN_UNUSED_VARIABLE = YES;
				MACOSX_DEPLOYMENT_TARGET = 10.10;
				MTL_ENABLE_DEBUG_INFO = NO;
				SDKROOT = macosx;
			};
			name = Release;
		};
		2FF307041B75974300CCF7C5 /* Debug */ = {
			isa = XCBuildConfiguration;
			buildSettings = {
				DEBUGGING_SYMBOLS = YES;
				GCC_GENERATE_DEBUGGING_SYMBOLS = YES;
				GCC_OPTIMIZATION_LEVEL = 0;
				OTHER_CFLAGS = "";
				OTHER_LDFLAGS = "";
				PRODUCT_NAME = "$(TARGET_NAME)";
			};
			name = Debug;
		};
		2FF307051B75974300CCF7C5 /* Release */ = {
			isa = XCBuildConfiguration;
			buildSettings = {
				OTHER_CFLAGS = "";
				OTHER_LDFLAGS = "";
				PRODUCT_NAME = "$(TARGET_NAME)";
			};
			name = Release;
		};
/* End XCBuildConfiguration section */

/* Begin XCConfigurationList section */
		2FF306FF1B75974300CCF7C5 /* Build configuration list for PBXProject "edi_parsing" */ = {
			isa = XCConfigurationList;
			buildConfigurations = (
				2FF307011B75974300CCF7C5 /* Debug */,
				2FF307021B75974300CCF7C5 /* Release */,
			);
			defaultConfigurationIsVisible = 0;
			defaultConfigurationName = Release;
		};
		2FF307031B75974300CCF7C5 /* Build configuration list for PBXLegacyTarget "edi_parsing" */ = {
			isa = XCConfigurationList;
			buildConfigurations = (
				2FF307041B75974300CCF7C5 /* Debug */,
				2FF307051B75974300CCF7C5 /* Release */,
			);
			defaultConfigurationIsVisible = 0;
			defaultConfigurationName = Release;
		};
/* End XCConfigurationList section */
	};
	rootObject = 2FF306FC1B75974300CCF7C5 /* Project object */;
}
